// !$*UTF8*$!
{
	archiveVersion = 1;
	classes = {
	};
	objectVersion = 46;
	objects = {

/* Begin PBXBuildFile section */
		4E0C8CAC1D054648008719F5 /* GMLMouseEvent.m in Sources */ = {isa = PBXBuildFile; fileRef = 4E0C8CAB1D054648008719F5 /* GMLMouseEvent.m */; };
		4E0C8CAD1D054648008719F5 /* GMLMouseEvent.m in Sources */ = {isa = PBXBuildFile; fileRef = 4E0C8CAB1D054648008719F5 /* GMLMouseEvent.m */; };
		4E0C8CC61D054D9B008719F5 /* GuideScene.swift in Sources */ = {isa = PBXBuildFile; fileRef = 4E0C8CC31D054D9B008719F5 /* GuideScene.swift */; };
		4E0C8CC71D054D9B008719F5 /* GuideScene.swift in Sources */ = {isa = PBXBuildFile; fileRef = 4E0C8CC31D054D9B008719F5 /* GuideScene.swift */; };
		4E0C8CC81D054D9B008719F5 /* LoginScene.swift in Sources */ = {isa = PBXBuildFile; fileRef = 4E0C8CC41D054D9B008719F5 /* LoginScene.swift */; };
		4E0C8CC91D054D9B008719F5 /* LoginScene.swift in Sources */ = {isa = PBXBuildFile; fileRef = 4E0C8CC41D054D9B008719F5 /* LoginScene.swift */; };
		4E0C8CCA1D054D9B008719F5 /* LogoScene.swift in Sources */ = {isa = PBXBuildFile; fileRef = 4E0C8CC51D054D9B008719F5 /* LogoScene.swift */; };
		4E0C8CCB1D054D9B008719F5 /* LogoScene.swift in Sources */ = {isa = PBXBuildFile; fileRef = 4E0C8CC51D054D9B008719F5 /* LogoScene.swift */; };
		4E0C8CCF1D054E51008719F5 /* LoginSceneExten.swift in Sources */ = {isa = PBXBuildFile; fileRef = 4E0C8CCE1D054E51008719F5 /* LoginSceneExten.swift */; };
		4E0C8CD11D055063008719F5 /* LoginSceneExten.swift in Sources */ = {isa = PBXBuildFile; fileRef = 4E0C8CD01D055063008719F5 /* LoginSceneExten.swift */; };
		4E0C8CD31D0587EC008719F5 /* SelectRoleScene.swift in Sources */ = {isa = PBXBuildFile; fileRef = 4E0C8CD21D0587EC008719F5 /* SelectRoleScene.swift */; };
		4E0C8CD41D0587EC008719F5 /* SelectRoleScene.swift in Sources */ = {isa = PBXBuildFile; fileRef = 4E0C8CD21D0587EC008719F5 /* SelectRoleScene.swift */; };
		4E0C8CD61D05921F008719F5 /* SelectRoleSceneExten.swift in Sources */ = {isa = PBXBuildFile; fileRef = 4E0C8CD51D05921F008719F5 /* SelectRoleSceneExten.swift */; };
		4E0C8CD81D059267008719F5 /* SelectRoleSceneExten.swift in Sources */ = {isa = PBXBuildFile; fileRef = 4E0C8CD71D059267008719F5 /* SelectRoleSceneExten.swift */; };
		4E0C8CDA1D07BC0A008719F5 /* PreloadScene.swift in Sources */ = {isa = PBXBuildFile; fileRef = 4E0C8CD91D07BC0A008719F5 /* PreloadScene.swift */; };
		4E0C8CDB1D07BC0A008719F5 /* PreloadScene.swift in Sources */ = {isa = PBXBuildFile; fileRef = 4E0C8CD91D07BC0A008719F5 /* PreloadScene.swift */; };
		4E0C8CDD1D07FD82008719F5 /* GMLDynamicScene.swift in Sources */ = {isa = PBXBuildFile; fileRef = 4E0C8CDC1D07FD82008719F5 /* GMLDynamicScene.swift */; };
		4E0C8CDE1D07FD82008719F5 /* GMLDynamicScene.swift in Sources */ = {isa = PBXBuildFile; fileRef = 4E0C8CDC1D07FD82008719F5 /* GMLDynamicScene.swift */; };
		4E0C8CE01D07FDEF008719F5 /* GMLMonster.swift in Sources */ = {isa = PBXBuildFile; fileRef = 4E0C8CDF1D07FDEF008719F5 /* GMLMonster.swift */; };
		4E0C8CE11D07FDEF008719F5 /* GMLMonster.swift in Sources */ = {isa = PBXBuildFile; fileRef = 4E0C8CDF1D07FDEF008719F5 /* GMLMonster.swift */; };
		4E0C8CE31D08009B008719F5 /* GMLDynamicSceneFactory.swift in Sources */ = {isa = PBXBuildFile; fileRef = 4E0C8CE21D08009B008719F5 /* GMLDynamicSceneFactory.swift */; };
		4E0C8CE41D08009B008719F5 /* GMLDynamicSceneFactory.swift in Sources */ = {isa = PBXBuildFile; fileRef = 4E0C8CE21D08009B008719F5 /* GMLDynamicSceneFactory.swift */; };
		4E2DB79C1D045A95003F7152 /* GMLAniType.swift in Sources */ = {isa = PBXBuildFile; fileRef = 4E2DB79B1D045A95003F7152 /* GMLAniType.swift */; };
		4E33052E1D0905AE00B2B9D3 /* MonsterAlignType.swift in Sources */ = {isa = PBXBuildFile; fileRef = 4E33052D1D0905AE00B2B9D3 /* MonsterAlignType.swift */; };
		4E33052F1D0905AE00B2B9D3 /* MonsterAlignType.swift in Sources */ = {isa = PBXBuildFile; fileRef = 4E33052D1D0905AE00B2B9D3 /* MonsterAlignType.swift */; };
		4E3305301D0905F200B2B9D3 /* GMLAniType.swift in Sources */ = {isa = PBXBuildFile; fileRef = 4E2DB79B1D045A95003F7152 /* GMLAniType.swift */; };
		4E3305321D0934EE00B2B9D3 /* GMLContactTestBitMaskEnum.swift in Sources */ = {isa = PBXBuildFile; fileRef = 4E3305311D0934EE00B2B9D3 /* GMLContactTestBitMaskEnum.swift */; };
		4E3305331D0934EE00B2B9D3 /* GMLContactTestBitMaskEnum.swift in Sources */ = {isa = PBXBuildFile; fileRef = 4E3305311D0934EE00B2B9D3 /* GMLContactTestBitMaskEnum.swift */; };
		4E7BF73D1D03F5930016FBA9 /* HeartbeatManager.swift in Sources */ = {isa = PBXBuildFile; fileRef = 4E7BF73C1D03F5930016FBA9 /* HeartbeatManager.swift */; };
		4E7BF73E1D03F5930016FBA9 /* HeartbeatManager.swift in Sources */ = {isa = PBXBuildFile; fileRef = 4E7BF73C1D03F5930016FBA9 /* HeartbeatManager.swift */; };
		4E86032D1D000E440032ABAD /* AppDelegate.swift in Sources */ = {isa = PBXBuildFile; fileRef = 4E86032C1D000E440032ABAD /* AppDelegate.swift */; };
		4E8603311D000E440032ABAD /* GameScene.swift in Sources */ = {isa = PBXBuildFile; fileRef = 4E8603301D000E440032ABAD /* GameScene.swift */; };
		4E8603331D000E440032ABAD /* GameViewController.swift in Sources */ = {isa = PBXBuildFile; fileRef = 4E8603321D000E440032ABAD /* GameViewController.swift */; };
		4E8603361D000E440032ABAD /* Main.storyboard in Resources */ = {isa = PBXBuildFile; fileRef = 4E8603341D000E440032ABAD /* Main.storyboard */; };
		4E8603381D000E440032ABAD /* Assets.xcassets in Resources */ = {isa = PBXBuildFile; fileRef = 4E8603371D000E440032ABAD /* Assets.xcassets */; };
		4E86033B1D000E440032ABAD /* LaunchScreen.storyboard in Resources */ = {isa = PBXBuildFile; fileRef = 4E8603391D000E440032ABAD /* LaunchScreen.storyboard */; };
		4E86034A1D000EC70032ABAD /* AppDelegate.swift in Sources */ = {isa = PBXBuildFile; fileRef = 4E8603491D000EC70032ABAD /* AppDelegate.swift */; };
		4E86034C1D000EC70032ABAD /* GameScene.swift in Sources */ = {isa = PBXBuildFile; fileRef = 4E86034B1D000EC70032ABAD /* GameScene.swift */; };
		4E8603501D000EC70032ABAD /* Assets.xcassets in Resources */ = {isa = PBXBuildFile; fileRef = 4E86034F1D000EC70032ABAD /* Assets.xcassets */; };
		4E8603531D000EC70032ABAD /* MainMenu.xib in Resources */ = {isa = PBXBuildFile; fileRef = 4E8603511D000EC70032ABAD /* MainMenu.xib */; };
		4E8603CC1D01357E0032ABAD /* GMLResourceManager.swift in Sources */ = {isa = PBXBuildFile; fileRef = 4E8603B21D01357E0032ABAD /* GMLResourceManager.swift */; };
		4E8603CD1D01357E0032ABAD /* GMLResourceManager.swift in Sources */ = {isa = PBXBuildFile; fileRef = 4E8603B21D01357E0032ABAD /* GMLResourceManager.swift */; };
		4E8603CE1D01357E0032ABAD /* GMLScene.swift in Sources */ = {isa = PBXBuildFile; fileRef = 4E8603B31D01357E0032ABAD /* GMLScene.swift */; };
		4E8603CF1D01357E0032ABAD /* GMLScene.swift in Sources */ = {isa = PBXBuildFile; fileRef = 4E8603B31D01357E0032ABAD /* GMLScene.swift */; };
		4E8603E51D0135B70032ABAD /* GMLLogCenter.swift in Sources */ = {isa = PBXBuildFile; fileRef = 4E8603E41D0135B70032ABAD /* GMLLogCenter.swift */; };
		4E8603E61D0135B70032ABAD /* GMLLogCenter.swift in Sources */ = {isa = PBXBuildFile; fileRef = 4E8603E41D0135B70032ABAD /* GMLLogCenter.swift */; };
		4E8603F01D01594A0032ABAD /* GMLGameConfig.m in Sources */ = {isa = PBXBuildFile; fileRef = 4E8603EF1D01594A0032ABAD /* GMLGameConfig.m */; };
		4E8603F11D01594A0032ABAD /* GMLGameConfig.m in Sources */ = {isa = PBXBuildFile; fileRef = 4E8603EF1D01594A0032ABAD /* GMLGameConfig.m */; };
		4E8603F31D015C950032ABAD /* GMLMain.swift in Sources */ = {isa = PBXBuildFile; fileRef = 4E8603F21D015C950032ABAD /* GMLMain.swift */; };
		4E8603F41D015C950032ABAD /* GMLMain.swift in Sources */ = {isa = PBXBuildFile; fileRef = 4E8603F21D015C950032ABAD /* GMLMain.swift */; };
		4E8603F61D01600F0032ABAD /* GMLExtensions.m in Sources */ = {isa = PBXBuildFile; fileRef = 4E8603F51D01600F0032ABAD /* GMLExtensions.m */; };
		4E8603F71D01600F0032ABAD /* GMLExtensions.m in Sources */ = {isa = PBXBuildFile; fileRef = 4E8603F51D01600F0032ABAD /* GMLExtensions.m */; };
		4E8604021D0179FB0032ABAD /* ioapi.c in Sources */ = {isa = PBXBuildFile; fileRef = 4E8603FA1D0179FB0032ABAD /* ioapi.c */; };
		4E8604031D0179FB0032ABAD /* ioapi.c in Sources */ = {isa = PBXBuildFile; fileRef = 4E8603FA1D0179FB0032ABAD /* ioapi.c */; };
		4E8604041D0179FB0032ABAD /* mztools.c in Sources */ = {isa = PBXBuildFile; fileRef = 4E8603FC1D0179FB0032ABAD /* mztools.c */; };
		4E8604051D0179FB0032ABAD /* mztools.c in Sources */ = {isa = PBXBuildFile; fileRef = 4E8603FC1D0179FB0032ABAD /* mztools.c */; };
		4E8604061D0179FB0032ABAD /* unzip.c in Sources */ = {isa = PBXBuildFile; fileRef = 4E8603FE1D0179FB0032ABAD /* unzip.c */; };
		4E8604071D0179FB0032ABAD /* unzip.c in Sources */ = {isa = PBXBuildFile; fileRef = 4E8603FE1D0179FB0032ABAD /* unzip.c */; };
		4E8604081D0179FB0032ABAD /* zip.c in Sources */ = {isa = PBXBuildFile; fileRef = 4E8604001D0179FB0032ABAD /* zip.c */; };
		4E8604091D0179FB0032ABAD /* zip.c in Sources */ = {isa = PBXBuildFile; fileRef = 4E8604001D0179FB0032ABAD /* zip.c */; };
		4E86040C1D017A050032ABAD /* ZipArchive.mm in Sources */ = {isa = PBXBuildFile; fileRef = 4E86040B1D017A050032ABAD /* ZipArchive.mm */; };
		4E86040D1D017A050032ABAD /* ZipArchive.mm in Sources */ = {isa = PBXBuildFile; fileRef = 4E86040B1D017A050032ABAD /* ZipArchive.mm */; };
		4E86040F1D017F720032ABAD /* libz.tbd in Frameworks */ = {isa = PBXBuildFile; fileRef = 4E86040E1D017F720032ABAD /* libz.tbd */; };
		4E8604111D017F7C0032ABAD /* libz.tbd in Frameworks */ = {isa = PBXBuildFile; fileRef = 4E8604101D017F7C0032ABAD /* libz.tbd */; };
		4EBE19DA1D02691400B37AFE /* GMLTool.m in Sources */ = {isa = PBXBuildFile; fileRef = 4EBE19D91D02691400B37AFE /* GMLTool.m */; };
		4EBE19DB1D02691400B37AFE /* GMLTool.m in Sources */ = {isa = PBXBuildFile; fileRef = 4EBE19D91D02691400B37AFE /* GMLTool.m */; };
		4EF909BE1D066BD800397A13 /* MainAssets1 in Resources */ = {isa = PBXBuildFile; fileRef = 4EF909BD1D066BD800397A13 /* MainAssets1 */; };
		4EF909BF1D066BD800397A13 /* MainAssets1 in Resources */ = {isa = PBXBuildFile; fileRef = 4EF909BD1D066BD800397A13 /* MainAssets1 */; };
/* End PBXBuildFile section */

/* Begin PBXFileReference section */
		4E0C8CAA1D054648008719F5 /* GMLMouseEvent.h */ = {isa = PBXFileReference; fileEncoding = 4; lastKnownFileType = sourcecode.c.h; path = GMLMouseEvent.h; sourceTree = "<group>"; };
		4E0C8CAB1D054648008719F5 /* GMLMouseEvent.m */ = {isa = PBXFileReference; fileEncoding = 4; lastKnownFileType = sourcecode.c.objc; path = GMLMouseEvent.m; sourceTree = "<group>"; };
		4E0C8CC31D054D9B008719F5 /* GuideScene.swift */ = {isa = PBXFileReference; fileEncoding = 4; lastKnownFileType = sourcecode.swift; path = GuideScene.swift; sourceTree = "<group>"; };
		4E0C8CC41D054D9B008719F5 /* LoginScene.swift */ = {isa = PBXFileReference; fileEncoding = 4; lastKnownFileType = sourcecode.swift; path = LoginScene.swift; sourceTree = "<group>"; };
		4E0C8CC51D054D9B008719F5 /* LogoScene.swift */ = {isa = PBXFileReference; fileEncoding = 4; lastKnownFileType = sourcecode.swift; path = LogoScene.swift; sourceTree = "<group>"; };
		4E0C8CCE1D054E51008719F5 /* LoginSceneExten.swift */ = {isa = PBXFileReference; fileEncoding = 4; lastKnownFileType = sourcecode.swift; path = LoginSceneExten.swift; sourceTree = "<group>"; };
		4E0C8CD01D055063008719F5 /* LoginSceneExten.swift */ = {isa = PBXFileReference; fileEncoding = 4; lastKnownFileType = sourcecode.swift; path = LoginSceneExten.swift; sourceTree = "<group>"; };
		4E0C8CD21D0587EC008719F5 /* SelectRoleScene.swift */ = {isa = PBXFileReference; fileEncoding = 4; lastKnownFileType = sourcecode.swift; path = SelectRoleScene.swift; sourceTree = "<group>"; };
		4E0C8CD51D05921F008719F5 /* SelectRoleSceneExten.swift */ = {isa = PBXFileReference; fileEncoding = 4; lastKnownFileType = sourcecode.swift; path = SelectRoleSceneExten.swift; sourceTree = "<group>"; };
		4E0C8CD71D059267008719F5 /* SelectRoleSceneExten.swift */ = {isa = PBXFileReference; fileEncoding = 4; lastKnownFileType = sourcecode.swift; path = SelectRoleSceneExten.swift; sourceTree = "<group>"; };
		4E0C8CD91D07BC0A008719F5 /* PreloadScene.swift */ = {isa = PBXFileReference; fileEncoding = 4; lastKnownFileType = sourcecode.swift; path = PreloadScene.swift; sourceTree = "<group>"; };
		4E0C8CDC1D07FD82008719F5 /* GMLDynamicScene.swift */ = {isa = PBXFileReference; fileEncoding = 4; lastKnownFileType = sourcecode.swift; path = GMLDynamicScene.swift; sourceTree = "<group>"; };
		4E0C8CDF1D07FDEF008719F5 /* GMLMonster.swift */ = {isa = PBXFileReference; fileEncoding = 4; lastKnownFileType = sourcecode.swift; path = GMLMonster.swift; sourceTree = "<group>"; };
		4E0C8CE21D08009B008719F5 /* GMLDynamicSceneFactory.swift */ = {isa = PBXFileReference; fileEncoding = 4; lastKnownFileType = sourcecode.swift; path = GMLDynamicSceneFactory.swift; sourceTree = "<group>"; };
		4E2DB79B1D045A95003F7152 /* GMLAniType.swift */ = {isa = PBXFileReference; fileEncoding = 4; lastKnownFileType = sourcecode.swift; path = GMLAniType.swift; sourceTree = "<group>"; };
		4E33052D1D0905AE00B2B9D3 /* MonsterAlignType.swift */ = {isa = PBXFileReference; fileEncoding = 4; lastKnownFileType = sourcecode.swift; path = MonsterAlignType.swift; sourceTree = "<group>"; };
		4E3305311D0934EE00B2B9D3 /* GMLContactTestBitMaskEnum.swift */ = {isa = PBXFileReference; fileEncoding = 4; lastKnownFileType = sourcecode.swift; path = GMLContactTestBitMaskEnum.swift; sourceTree = "<group>"; };
		4E7BF73C1D03F5930016FBA9 /* HeartbeatManager.swift */ = {isa = PBXFileReference; fileEncoding = 4; lastKnownFileType = sourcecode.swift; path = HeartbeatManager.swift; sourceTree = "<group>"; };
		4E8603291D000E440032ABAD /* ChaosIOS.app */ = {isa = PBXFileReference; explicitFileType = wrapper.application; includeInIndex = 0; path = ChaosIOS.app; sourceTree = BUILT_PRODUCTS_DIR; };
		4E86032C1D000E440032ABAD /* AppDelegate.swift */ = {isa = PBXFileReference; lastKnownFileType = sourcecode.swift; path = AppDelegate.swift; sourceTree = "<group>"; };
		4E8603301D000E440032ABAD /* GameScene.swift */ = {isa = PBXFileReference; lastKnownFileType = sourcecode.swift; path = GameScene.swift; sourceTree = "<group>"; };
		4E8603321D000E440032ABAD /* GameViewController.swift */ = {isa = PBXFileReference; lastKnownFileType = sourcecode.swift; path = GameViewController.swift; sourceTree = "<group>"; };
		4E8603351D000E440032ABAD /* Base */ = {isa = PBXFileReference; lastKnownFileType = file.storyboard; name = Base; path = Base.lproj/Main.storyboard; sourceTree = "<group>"; };
		4E8603371D000E440032ABAD /* Assets.xcassets */ = {isa = PBXFileReference; lastKnownFileType = folder.assetcatalog; path = Assets.xcassets; sourceTree = "<group>"; };
		4E86033A1D000E440032ABAD /* Base */ = {isa = PBXFileReference; lastKnownFileType = file.storyboard; name = Base; path = Base.lproj/LaunchScreen.storyboard; sourceTree = "<group>"; };
		4E86033C1D000E440032ABAD /* Info.plist */ = {isa = PBXFileReference; lastKnownFileType = text.plist.xml; path = Info.plist; sourceTree = "<group>"; };
		4E8603471D000EC70032ABAD /* ChaosMac.app */ = {isa = PBXFileReference; explicitFileType = wrapper.application; includeInIndex = 0; path = ChaosMac.app; sourceTree = BUILT_PRODUCTS_DIR; };
		4E8603491D000EC70032ABAD /* AppDelegate.swift */ = {isa = PBXFileReference; lastKnownFileType = sourcecode.swift; path = AppDelegate.swift; sourceTree = "<group>"; };
		4E86034B1D000EC70032ABAD /* GameScene.swift */ = {isa = PBXFileReference; lastKnownFileType = sourcecode.swift; path = GameScene.swift; sourceTree = "<group>"; };
		4E86034F1D000EC70032ABAD /* Assets.xcassets */ = {isa = PBXFileReference; lastKnownFileType = folder.assetcatalog; path = Assets.xcassets; sourceTree = "<group>"; };
		4E8603521D000EC70032ABAD /* Base */ = {isa = PBXFileReference; lastKnownFileType = file.xib; name = Base; path = Base.lproj/MainMenu.xib; sourceTree = "<group>"; };
		4E8603541D000EC70032ABAD /* Info.plist */ = {isa = PBXFileReference; lastKnownFileType = text.plist.xml; path = Info.plist; sourceTree = "<group>"; };
		4E8603AE1D01357E0032ABAD /* currentHeader.h */ = {isa = PBXFileReference; fileEncoding = 4; lastKnownFileType = sourcecode.c.h; path = currentHeader.h; sourceTree = "<group>"; };
		4E8603B21D01357E0032ABAD /* GMLResourceManager.swift */ = {isa = PBXFileReference; fileEncoding = 4; lastKnownFileType = sourcecode.swift; path = GMLResourceManager.swift; sourceTree = "<group>"; };
		4E8603B31D01357E0032ABAD /* GMLScene.swift */ = {isa = PBXFileReference; fileEncoding = 4; lastKnownFileType = sourcecode.swift; path = GMLScene.swift; sourceTree = "<group>"; };
		4E8603E41D0135B70032ABAD /* GMLLogCenter.swift */ = {isa = PBXFileReference; fileEncoding = 4; lastKnownFileType = sourcecode.swift; path = GMLLogCenter.swift; sourceTree = "<group>"; };
		4E8603ED1D01584B0032ABAD /* GMLExtensions.h */ = {isa = PBXFileReference; fileEncoding = 4; lastKnownFileType = sourcecode.c.h; path = GMLExtensions.h; sourceTree = "<group>"; };
		4E8603EE1D01594A0032ABAD /* GMLGameConfig.h */ = {isa = PBXFileReference; fileEncoding = 4; lastKnownFileType = sourcecode.c.h; path = GMLGameConfig.h; sourceTree = "<group>"; };
		4E8603EF1D01594A0032ABAD /* GMLGameConfig.m */ = {isa = PBXFileReference; fileEncoding = 4; lastKnownFileType = sourcecode.c.objc; path = GMLGameConfig.m; sourceTree = "<group>"; };
		4E8603F21D015C950032ABAD /* GMLMain.swift */ = {isa = PBXFileReference; fileEncoding = 4; lastKnownFileType = sourcecode.swift; path = GMLMain.swift; sourceTree = "<group>"; };
		4E8603F51D01600F0032ABAD /* GMLExtensions.m */ = {isa = PBXFileReference; fileEncoding = 4; lastKnownFileType = sourcecode.c.objc; path = GMLExtensions.m; sourceTree = "<group>"; };
		4E8603F91D0179FB0032ABAD /* crypt.h */ = {isa = PBXFileReference; fileEncoding = 4; lastKnownFileType = sourcecode.c.h; path = crypt.h; sourceTree = "<group>"; };
		4E8603FA1D0179FB0032ABAD /* ioapi.c */ = {isa = PBXFileReference; fileEncoding = 4; lastKnownFileType = sourcecode.c.c; path = ioapi.c; sourceTree = "<group>"; };
		4E8603FB1D0179FB0032ABAD /* ioapi.h */ = {isa = PBXFileReference; fileEncoding = 4; lastKnownFileType = sourcecode.c.h; path = ioapi.h; sourceTree = "<group>"; };
		4E8603FC1D0179FB0032ABAD /* mztools.c */ = {isa = PBXFileReference; fileEncoding = 4; lastKnownFileType = sourcecode.c.c; path = mztools.c; sourceTree = "<group>"; };
		4E8603FD1D0179FB0032ABAD /* mztools.h */ = {isa = PBXFileReference; fileEncoding = 4; lastKnownFileType = sourcecode.c.h; path = mztools.h; sourceTree = "<group>"; };
		4E8603FE1D0179FB0032ABAD /* unzip.c */ = {isa = PBXFileReference; fileEncoding = 4; lastKnownFileType = sourcecode.c.c; path = unzip.c; sourceTree = "<group>"; };
		4E8603FF1D0179FB0032ABAD /* unzip.h */ = {isa = PBXFileReference; fileEncoding = 4; lastKnownFileType = sourcecode.c.h; path = unzip.h; sourceTree = "<group>"; };
		4E8604001D0179FB0032ABAD /* zip.c */ = {isa = PBXFileReference; fileEncoding = 4; lastKnownFileType = sourcecode.c.c; path = zip.c; sourceTree = "<group>"; };
		4E8604011D0179FB0032ABAD /* zip.h */ = {isa = PBXFileReference; fileEncoding = 4; lastKnownFileType = sourcecode.c.h; path = zip.h; sourceTree = "<group>"; };
		4E86040A1D017A050032ABAD /* ZipArchive.h */ = {isa = PBXFileReference; fileEncoding = 4; lastKnownFileType = sourcecode.c.h; path = ZipArchive.h; sourceTree = "<group>"; };
		4E86040B1D017A050032ABAD /* ZipArchive.mm */ = {isa = PBXFileReference; fileEncoding = 4; lastKnownFileType = sourcecode.cpp.objcpp; path = ZipArchive.mm; sourceTree = "<group>"; };
		4E86040E1D017F720032ABAD /* libz.tbd */ = {isa = PBXFileReference; lastKnownFileType = "sourcecode.text-based-dylib-definition"; name = libz.tbd; path = usr/lib/libz.tbd; sourceTree = SDKROOT; };
		4E8604101D017F7C0032ABAD /* libz.tbd */ = {isa = PBXFileReference; lastKnownFileType = "sourcecode.text-based-dylib-definition"; name = libz.tbd; path = Platforms/MacOSX.platform/Developer/SDKs/MacOSX10.11.sdk/usr/lib/libz.tbd; sourceTree = DEVELOPER_DIR; };
		4EBE19D81D02691400B37AFE /* GMLTool.h */ = {isa = PBXFileReference; fileEncoding = 4; lastKnownFileType = sourcecode.c.h; path = GMLTool.h; sourceTree = "<group>"; };
		4EBE19D91D02691400B37AFE /* GMLTool.m */ = {isa = PBXFileReference; fileEncoding = 4; lastKnownFileType = sourcecode.c.objc; path = GMLTool.m; sourceTree = "<group>"; };
		4EF909BD1D066BD800397A13 /* MainAssets1 */ = {isa = PBXFileReference; lastKnownFileType = folder; path = MainAssets1; sourceTree = "<group>"; };
/* End PBXFileReference section */

/* Begin PBXFrameworksBuildPhase section */
		4E8603261D000E440032ABAD /* Frameworks */ = {
			isa = PBXFrameworksBuildPhase;
			buildActionMask = 2147483647;
			files = (
				4E86040F1D017F720032ABAD /* libz.tbd in Frameworks */,
			);
			runOnlyForDeploymentPostprocessing = 0;
		};
		4E8603441D000EC70032ABAD /* Frameworks */ = {
			isa = PBXFrameworksBuildPhase;
			buildActionMask = 2147483647;
			files = (
				4E8604111D017F7C0032ABAD /* libz.tbd in Frameworks */,
			);
			runOnlyForDeploymentPostprocessing = 0;
		};
/* End PBXFrameworksBuildPhase section */

/* Begin PBXGroup section */
		4E0C8CC21D054D9B008719F5 /* scenes */ = {
			isa = PBXGroup;
			children = (
				4E0C8CC31D054D9B008719F5 /* GuideScene.swift */,
				4E0C8CC41D054D9B008719F5 /* LoginScene.swift */,
				4E0C8CC51D054D9B008719F5 /* LogoScene.swift */,
				4E0C8CD21D0587EC008719F5 /* SelectRoleScene.swift */,
				4E0C8CD91D07BC0A008719F5 /* PreloadScene.swift */,
			);
			path = scenes;
			sourceTree = "<group>";
		};
		4E0C8CCC1D054DF3008719F5 /* scenesExten */ = {
			isa = PBXGroup;
			children = (
				4E0C8CD01D055063008719F5 /* LoginSceneExten.swift */,
				4E0C8CD51D05921F008719F5 /* SelectRoleSceneExten.swift */,
			);
			path = scenesExten;
			sourceTree = "<group>";
		};
		4E0C8CCD1D054DFF008719F5 /* scenesExten */ = {
			isa = PBXGroup;
			children = (
				4E0C8CCE1D054E51008719F5 /* LoginSceneExten.swift */,
				4E0C8CD71D059267008719F5 /* SelectRoleSceneExten.swift */,
			);
			path = scenesExten;
			sourceTree = "<group>";
		};
		4E8603201D000E440032ABAD = {
			isa = PBXGroup;
			children = (
				4EF909BD1D066BD800397A13 /* MainAssets1 */,
				4E8604101D017F7C0032ABAD /* libz.tbd */,
				4E86040E1D017F720032ABAD /* libz.tbd */,
				4E8603AD1D01357E0032ABAD /* currentEngine */,
				4E86032B1D000E440032ABAD /* ChaosIOS */,
				4E8603481D000EC70032ABAD /* ChaosMac */,
				4E86032A1D000E440032ABAD /* Products */,
			);
			sourceTree = "<group>";
		};
		4E86032A1D000E440032ABAD /* Products */ = {
			isa = PBXGroup;
			children = (
				4E8603291D000E440032ABAD /* ChaosIOS.app */,
				4E8603471D000EC70032ABAD /* ChaosMac.app */,
			);
			name = Products;
			sourceTree = "<group>";
		};
		4E86032B1D000E440032ABAD /* ChaosIOS */ = {
			isa = PBXGroup;
			children = (
				4E0C8CCC1D054DF3008719F5 /* scenesExten */,
				4E86032C1D000E440032ABAD /* AppDelegate.swift */,
				4E8603301D000E440032ABAD /* GameScene.swift */,
				4E8603321D000E440032ABAD /* GameViewController.swift */,
				4E8603341D000E440032ABAD /* Main.storyboard */,
				4E8603371D000E440032ABAD /* Assets.xcassets */,
				4E8603391D000E440032ABAD /* LaunchScreen.storyboard */,
				4E86033C1D000E440032ABAD /* Info.plist */,
			);
			name = ChaosIOS;
			path = Chaos;
			sourceTree = "<group>";
		};
		4E8603481D000EC70032ABAD /* ChaosMac */ = {
			isa = PBXGroup;
			children = (
				4E0C8CCD1D054DFF008719F5 /* scenesExten */,
				4E8603491D000EC70032ABAD /* AppDelegate.swift */,
				4E86034B1D000EC70032ABAD /* GameScene.swift */,
				4E86034F1D000EC70032ABAD /* Assets.xcassets */,
				4E8603511D000EC70032ABAD /* MainMenu.xib */,
				4E8603541D000EC70032ABAD /* Info.plist */,
			);
			path = ChaosMac;
			sourceTree = "<group>";
		};
		4E8603AD1D01357E0032ABAD /* currentEngine */ = {
			isa = PBXGroup;
			children = (
				4E8603F21D015C950032ABAD /* GMLMain.swift */,
				4E0C8CC21D054D9B008719F5 /* scenes */,
				4EBE19D71D0268B900B37AFE /* tools */,
				4E86040A1D017A050032ABAD /* ZipArchive.h */,
				4E86040B1D017A050032ABAD /* ZipArchive.mm */,
				4E8603AE1D01357E0032ABAD /* currentHeader.h */,
				4E8603F81D0179FB0032ABAD /* minizip */,
				4E8603AF1D01357E0032ABAD /* engineCore */,
			);
			path = currentEngine;
			sourceTree = "<group>";
		};
		4E8603AF1D01357E0032ABAD /* engineCore */ = {
			isa = PBXGroup;
			children = (
				4E2DB79B1D045A95003F7152 /* GMLAniType.swift */,
				4E8603B21D01357E0032ABAD /* GMLResourceManager.swift */,
				4E8603B31D01357E0032ABAD /* GMLScene.swift */,
				4E8603E41D0135B70032ABAD /* GMLLogCenter.swift */,
				4E8603ED1D01584B0032ABAD /* GMLExtensions.h */,
				4E8603F51D01600F0032ABAD /* GMLExtensions.m */,
				4E8603EE1D01594A0032ABAD /* GMLGameConfig.h */,
				4E8603EF1D01594A0032ABAD /* GMLGameConfig.m */,
				4E0C8CAA1D054648008719F5 /* GMLMouseEvent.h */,
				4E0C8CAB1D054648008719F5 /* GMLMouseEvent.m */,
				4E0C8CDC1D07FD82008719F5 /* GMLDynamicScene.swift */,
				4E0C8CDF1D07FDEF008719F5 /* GMLMonster.swift */,
				4E0C8CE21D08009B008719F5 /* GMLDynamicSceneFactory.swift */,
				4E33052D1D0905AE00B2B9D3 /* MonsterAlignType.swift */,
				4E3305311D0934EE00B2B9D3 /* GMLContactTestBitMaskEnum.swift */,
			);
			path = engineCore;
			sourceTree = "<group>";
		};
		4E8603F81D0179FB0032ABAD /* minizip */ = {
			isa = PBXGroup;
			children = (
				4E8603F91D0179FB0032ABAD /* crypt.h */,
				4E8603FA1D0179FB0032ABAD /* ioapi.c */,
				4E8603FB1D0179FB0032ABAD /* ioapi.h */,
				4E8603FC1D0179FB0032ABAD /* mztools.c */,
				4E8603FD1D0179FB0032ABAD /* mztools.h */,
				4E8603FE1D0179FB0032ABAD /* unzip.c */,
				4E8603FF1D0179FB0032ABAD /* unzip.h */,
				4E8604001D0179FB0032ABAD /* zip.c */,
				4E8604011D0179FB0032ABAD /* zip.h */,
			);
			path = minizip;
			sourceTree = "<group>";
		};
		4EBE19D71D0268B900B37AFE /* tools */ = {
			isa = PBXGroup;
			children = (
				4E7BF73C1D03F5930016FBA9 /* HeartbeatManager.swift */,
				4EBE19D81D02691400B37AFE /* GMLTool.h */,
				4EBE19D91D02691400B37AFE /* GMLTool.m */,
			);
			path = tools;
			sourceTree = "<group>";
		};
/* End PBXGroup section */

/* Begin PBXNativeTarget section */
		4E8603281D000E440032ABAD /* ChaosIOS */ = {
			isa = PBXNativeTarget;
			buildConfigurationList = 4E86033F1D000E440032ABAD /* Build configuration list for PBXNativeTarget "ChaosIOS" */;
			buildPhases = (
				4E8603251D000E440032ABAD /* Sources */,
				4E8603261D000E440032ABAD /* Frameworks */,
				4E8603271D000E440032ABAD /* Resources */,
			);
			buildRules = (
			);
			dependencies = (
			);
			name = ChaosIOS;
			productName = Chaos;
			productReference = 4E8603291D000E440032ABAD /* ChaosIOS.app */;
			productType = "com.apple.product-type.application";
		};
		4E8603461D000EC70032ABAD /* ChaosMac */ = {
			isa = PBXNativeTarget;
			buildConfigurationList = 4E8603551D000EC70032ABAD /* Build configuration list for PBXNativeTarget "ChaosMac" */;
			buildPhases = (
				4E8603431D000EC70032ABAD /* Sources */,
				4E8603441D000EC70032ABAD /* Frameworks */,
				4E8603451D000EC70032ABAD /* Resources */,
			);
			buildRules = (
			);
			dependencies = (
			);
			name = ChaosMac;
			productName = ChaosMac;
			productReference = 4E8603471D000EC70032ABAD /* ChaosMac.app */;
			productType = "com.apple.product-type.application";
		};
/* End PBXNativeTarget section */

/* Begin PBXProject section */
		4E8603211D000E440032ABAD /* Project object */ = {
			isa = PBXProject;
			attributes = {
				LastSwiftUpdateCheck = 0720;
				LastUpgradeCheck = 0720;
				ORGANIZATIONNAME = guominglong;
				TargetAttributes = {
					4E8603281D000E440032ABAD = {
						CreatedOnToolsVersion = 7.2;
						DevelopmentTeam = 9Q972K774Y;
					};
					4E8603461D000EC70032ABAD = {
						CreatedOnToolsVersion = 7.2;
					};
				};
			};
			buildConfigurationList = 4E8603241D000E440032ABAD /* Build configuration list for PBXProject "Chaos" */;
			compatibilityVersion = "Xcode 3.2";
			developmentRegion = English;
			hasScannedForEncodings = 0;
			knownRegions = (
				en,
				Base,
			);
			mainGroup = 4E8603201D000E440032ABAD;
			productRefGroup = 4E86032A1D000E440032ABAD /* Products */;
			projectDirPath = "";
			projectRoot = "";
			targets = (
				4E8603281D000E440032ABAD /* ChaosIOS */,
				4E8603461D000EC70032ABAD /* ChaosMac */,
			);
		};
/* End PBXProject section */

/* Begin PBXResourcesBuildPhase section */
		4E8603271D000E440032ABAD /* Resources */ = {
			isa = PBXResourcesBuildPhase;
			buildActionMask = 2147483647;
			files = (
				4EF909BE1D066BD800397A13 /* MainAssets1 in Resources */,
				4E86033B1D000E440032ABAD /* LaunchScreen.storyboard in Resources */,
				4E8603381D000E440032ABAD /* Assets.xcassets in Resources */,
				4E8603361D000E440032ABAD /* Main.storyboard in Resources */,
			);
			runOnlyForDeploymentPostprocessing = 0;
		};
		4E8603451D000EC70032ABAD /* Resources */ = {
			isa = PBXResourcesBuildPhase;
			buildActionMask = 2147483647;
			files = (
				4E8603501D000EC70032ABAD /* Assets.xcassets in Resources */,
				4E8603531D000EC70032ABAD /* MainMenu.xib in Resources */,
				4EF909BF1D066BD800397A13 /* MainAssets1 in Resources */,
			);
			runOnlyForDeploymentPostprocessing = 0;
		};
/* End PBXResourcesBuildPhase section */

/* Begin PBXSourcesBuildPhase section */
		4E8603251D000E440032ABAD /* Sources */ = {
			isa = PBXSourcesBuildPhase;
			buildActionMask = 2147483647;
			files = (
				4E0C8CCA1D054D9B008719F5 /* LogoScene.swift in Sources */,
				4E0C8CDD1D07FD82008719F5 /* GMLDynamicScene.swift in Sources */,
				4E2DB79C1D045A95003F7152 /* GMLAniType.swift in Sources */,
				4EBE19DA1D02691400B37AFE /* GMLTool.m in Sources */,
				4E8603311D000E440032ABAD /* GameScene.swift in Sources */,
				4E8603E51D0135B70032ABAD /* GMLLogCenter.swift in Sources */,
				4E8604081D0179FB0032ABAD /* zip.c in Sources */,
				4E0C8CC61D054D9B008719F5 /* GuideScene.swift in Sources */,
				4E8603F61D01600F0032ABAD /* GMLExtensions.m in Sources */,
				4E8603331D000E440032ABAD /* GameViewController.swift in Sources */,
				4E0C8CD61D05921F008719F5 /* SelectRoleSceneExten.swift in Sources */,
				4E8603CC1D01357E0032ABAD /* GMLResourceManager.swift in Sources */,
				4E8604021D0179FB0032ABAD /* ioapi.c in Sources */,
				4E8603F01D01594A0032ABAD /* GMLGameConfig.m in Sources */,
				4E0C8CDA1D07BC0A008719F5 /* PreloadScene.swift in Sources */,
				4E7BF73D1D03F5930016FBA9 /* HeartbeatManager.swift in Sources */,
				4E0C8CE01D07FDEF008719F5 /* GMLMonster.swift in Sources */,
				4E0C8CD11D055063008719F5 /* LoginSceneExten.swift in Sources */,
				4E0C8CE31D08009B008719F5 /* GMLDynamicSceneFactory.swift in Sources */,
				4E8604061D0179FB0032ABAD /* unzip.c in Sources */,
				4E33052E1D0905AE00B2B9D3 /* MonsterAlignType.swift in Sources */,
				4E86040C1D017A050032ABAD /* ZipArchive.mm in Sources */,
				4E0C8CD31D0587EC008719F5 /* SelectRoleScene.swift in Sources */,
				4E0C8CC81D054D9B008719F5 /* LoginScene.swift in Sources */,
				4E86032D1D000E440032ABAD /* AppDelegate.swift in Sources */,
				4E3305321D0934EE00B2B9D3 /* GMLContactTestBitMaskEnum.swift in Sources */,
				4E8603CE1D01357E0032ABAD /* GMLScene.swift in Sources */,
				4E8603F31D015C950032ABAD /* GMLMain.swift in Sources */,
				4E8604041D0179FB0032ABAD /* mztools.c in Sources */,
				4E0C8CAC1D054648008719F5 /* GMLMouseEvent.m in Sources */,
			);
			runOnlyForDeploymentPostprocessing = 0;
		};
		4E8603431D000EC70032ABAD /* Sources */ = {
			isa = PBXSourcesBuildPhase;
			buildActionMask = 2147483647;
			files = (
				4E8603F71D01600F0032ABAD /* GMLExtensions.m in Sources */,
				4EBE19DB1D02691400B37AFE /* GMLTool.m in Sources */,
				4E8604051D0179FB0032ABAD /* mztools.c in Sources */,
				4E0C8CDB1D07BC0A008719F5 /* PreloadScene.swift in Sources */,
				4E0C8CD81D059267008719F5 /* SelectRoleSceneExten.swift in Sources */,
				4E0C8CCF1D054E51008719F5 /* LoginSceneExten.swift in Sources */,
				4E86040D1D017A050032ABAD /* ZipArchive.mm in Sources */,
				4E0C8CD41D0587EC008719F5 /* SelectRoleScene.swift in Sources */,
				4E0C8CE41D08009B008719F5 /* GMLDynamicSceneFactory.swift in Sources */,
				4E0C8CC91D054D9B008719F5 /* LoginScene.swift in Sources */,
				4E8604071D0179FB0032ABAD /* unzip.c in Sources */,
				4E8603CD1D01357E0032ABAD /* GMLResourceManager.swift in Sources */,
				4E8603CF1D01357E0032ABAD /* GMLScene.swift in Sources */,
				4E0C8CC71D054D9B008719F5 /* GuideScene.swift in Sources */,
				4E3305331D0934EE00B2B9D3 /* GMLContactTestBitMaskEnum.swift in Sources */,
				4E0C8CAD1D054648008719F5 /* GMLMouseEvent.m in Sources */,
				4E8603E61D0135B70032ABAD /* GMLLogCenter.swift in Sources */,
				4E86034C1D000EC70032ABAD /* GameScene.swift in Sources */,
				4E0C8CCB1D054D9B008719F5 /* LogoScene.swift in Sources */,
				4E8603F41D015C950032ABAD /* GMLMain.swift in Sources */,
				4E8604031D0179FB0032ABAD /* ioapi.c in Sources */,
				4E0C8CDE1D07FD82008719F5 /* GMLDynamicScene.swift in Sources */,
				4E3305301D0905F200B2B9D3 /* GMLAniType.swift in Sources */,
				4E8604091D0179FB0032ABAD /* zip.c in Sources */,
				4E33052F1D0905AE00B2B9D3 /* MonsterAlignType.swift in Sources */,
				4E8603F11D01594A0032ABAD /* GMLGameConfig.m in Sources */,
				4E0C8CE11D07FDEF008719F5 /* GMLMonster.swift in Sources */,
				4E86034A1D000EC70032ABAD /* AppDelegate.swift in Sources */,
				4E7BF73E1D03F5930016FBA9 /* HeartbeatManager.swift in Sources */,
			);
			runOnlyForDeploymentPostprocessing = 0;
		};
/* End PBXSourcesBuildPhase section */

/* Begin PBXVariantGroup section */
		4E8603341D000E440032ABAD /* Main.storyboard */ = {
			isa = PBXVariantGroup;
			children = (
				4E8603351D000E440032ABAD /* Base */,
			);
			name = Main.storyboard;
			sourceTree = "<group>";
		};
		4E8603391D000E440032ABAD /* LaunchScreen.storyboard */ = {
			isa = PBXVariantGroup;
			children = (
				4E86033A1D000E440032ABAD /* Base */,
			);
			name = LaunchScreen.storyboard;
			sourceTree = "<group>";
		};
		4E8603511D000EC70032ABAD /* MainMenu.xib */ = {
			isa = PBXVariantGroup;
			children = (
				4E8603521D000EC70032ABAD /* Base */,
			);
			name = MainMenu.xib;
			sourceTree = "<group>";
		};
/* End PBXVariantGroup section */

/* Begin XCBuildConfiguration section */
		4E86033D1D000E440032ABAD /* Debug */ = {
			isa = XCBuildConfiguration;
			buildSettings = {
				ALWAYS_SEARCH_USER_PATHS = NO;
				CLANG_CXX_LANGUAGE_STANDARD = "gnu++0x";
				CLANG_CXX_LIBRARY = "libc++";
				CLANG_ENABLE_MODULES = YES;
				CLANG_ENABLE_OBJC_ARC = YES;
				CLANG_WARN_BOOL_CONVERSION = YES;
				CLANG_WARN_CONSTANT_CONVERSION = YES;
				CLANG_WARN_DIRECT_OBJC_ISA_USAGE = YES_ERROR;
				CLANG_WARN_EMPTY_BODY = YES;
				CLANG_WARN_ENUM_CONVERSION = YES;
				CLANG_WARN_INT_CONVERSION = YES;
				CLANG_WARN_OBJC_ROOT_CLASS = YES_ERROR;
				CLANG_WARN_UNREACHABLE_CODE = YES;
				CLANG_WARN__DUPLICATE_METHOD_MATCH = YES;
				"CODE_SIGN_IDENTITY[sdk=iphoneos*]" = "iPhone Developer";
				COPY_PHASE_STRIP = NO;
				DEBUG_INFORMATION_FORMAT = "dwarf-with-dsym";
				ENABLE_STRICT_OBJC_MSGSEND = YES;
				ENABLE_TESTABILITY = YES;
				GCC_C_LANGUAGE_STANDARD = gnu99;
				GCC_DYNAMIC_NO_PIC = NO;
				GCC_NO_COMMON_BLOCKS = YES;
				GCC_OPTIMIZATION_LEVEL = 0;
				GCC_PREPROCESSOR_DEFINITIONS = (
					"DEBUG=1",
					"$(inherited)",
				);
				GCC_WARN_64_TO_32_BIT_CONVERSION = YES;
				GCC_WARN_ABOUT_RETURN_TYPE = YES_ERROR;
				GCC_WARN_UNDECLARED_SELECTOR = YES;
				GCC_WARN_UNINITIALIZED_AUTOS = YES_AGGRESSIVE;
				GCC_WARN_UNUSED_FUNCTION = YES;
				GCC_WARN_UNUSED_VARIABLE = YES;
				IPHONEOS_DEPLOYMENT_TARGET = 9.2;
				MTL_ENABLE_DEBUG_INFO = YES;
				ONLY_ACTIVE_ARCH = YES;
				SDKROOT = iphoneos;
				SWIFT_OPTIMIZATION_LEVEL = "-Onone";
				TARGETED_DEVICE_FAMILY = "1,2";
			};
			name = Debug;
		};
		4E86033E1D000E440032ABAD /* Release */ = {
			isa = XCBuildConfiguration;
			buildSettings = {
				ALWAYS_SEARCH_USER_PATHS = NO;
				CLANG_CXX_LANGUAGE_STANDARD = "gnu++0x";
				CLANG_CXX_LIBRARY = "libc++";
				CLANG_ENABLE_MODULES = YES;
				CLANG_ENABLE_OBJC_ARC = YES;
				CLANG_WARN_BOOL_CONVERSION = YES;
				CLANG_WARN_CONSTANT_CONVERSION = YES;
				CLANG_WARN_DIRECT_OBJC_ISA_USAGE = YES_ERROR;
				CLANG_WARN_EMPTY_BODY = YES;
				CLANG_WARN_ENUM_CONVERSION = YES;
				CLANG_WARN_INT_CONVERSION = YES;
				CLANG_WARN_OBJC_ROOT_CLASS = YES_ERROR;
				CLANG_WARN_UNREACHABLE_CODE = YES;
				CLANG_WARN__DUPLICATE_METHOD_MATCH = YES;
				"CODE_SIGN_IDENTITY[sdk=iphoneos*]" = "iPhone Developer";
				COPY_PHASE_STRIP = NO;
				DEBUG_INFORMATION_FORMAT = "dwarf-with-dsym";
				ENABLE_NS_ASSERTIONS = NO;
				ENABLE_STRICT_OBJC_MSGSEND = YES;
				GCC_C_LANGUAGE_STANDARD = gnu99;
				GCC_NO_COMMON_BLOCKS = YES;
				GCC_WARN_64_TO_32_BIT_CONVERSION = YES;
				GCC_WARN_ABOUT_RETURN_TYPE = YES_ERROR;
				GCC_WARN_UNDECLARED_SELECTOR = YES;
				GCC_WARN_UNINITIALIZED_AUTOS = YES_AGGRESSIVE;
				GCC_WARN_UNUSED_FUNCTION = YES;
				GCC_WARN_UNUSED_VARIABLE = YES;
				IPHONEOS_DEPLOYMENT_TARGET = 9.2;
				MTL_ENABLE_DEBUG_INFO = NO;
				SDKROOT = iphoneos;
				TARGETED_DEVICE_FAMILY = "1,2";
				VALIDATE_PRODUCT = YES;
			};
			name = Release;
		};
		4E8603401D000E440032ABAD /* Debug */ = {
			isa = XCBuildConfiguration;
			buildSettings = {
				ASSETCATALOG_COMPILER_APPICON_NAME = AppIcon;
				CODE_SIGN_IDENTITY = "iPhone Developer";
				INFOPLIST_FILE = Chaos/Info.plist;
				IPHONEOS_DEPLOYMENT_TARGET = 8.4;
				LD_RUNPATH_SEARCH_PATHS = "$(inherited) @executable_path/Frameworks";
				PRODUCT_BUNDLE_IDENTIFIER = com.dasheng.test;
				PRODUCT_NAME = "$(TARGET_NAME)";
				PROVISIONING_PROFILE = "cfcb9a84-312b-4e1d-b181-0b72cf31560f";
				SWIFT_OBJC_BRIDGING_HEADER = currentEngine/currentHeader.h;
			};
			name = Debug;
		};
		4E8603411D000E440032ABAD /* Release */ = {
			isa = XCBuildConfiguration;
			buildSettings = {
				ASSETCATALOG_COMPILER_APPICON_NAME = AppIcon;
				CODE_SIGN_IDENTITY = "iPhone Developer";
				INFOPLIST_FILE = Chaos/Info.plist;
				IPHONEOS_DEPLOYMENT_TARGET = 8.4;
				LD_RUNPATH_SEARCH_PATHS = "$(inherited) @executable_path/Frameworks";
				PRODUCT_BUNDLE_IDENTIFIER = com.dasheng.test;
				PRODUCT_NAME = "$(TARGET_NAME)";
				PROVISIONING_PROFILE = "cfcb9a84-312b-4e1d-b181-0b72cf31560f";
				SWIFT_OBJC_BRIDGING_HEADER = currentEngine/currentHeader.h;
			};
			name = Release;
		};
		4E8603561D000EC70032ABAD /* Debug */ = {
			isa = XCBuildConfiguration;
			buildSettings = {
				ASSETCATALOG_COMPILER_APPICON_NAME = AppIcon;
				CODE_SIGN_IDENTITY = "";
				COMBINE_HIDPI_IMAGES = YES;
				INFOPLIST_FILE = ChaosMac/Info.plist;
				LD_RUNPATH_SEARCH_PATHS = "$(inherited) @executable_path/../Frameworks";
				MACOSX_DEPLOYMENT_TARGET = 10.11;
				PRODUCT_BUNDLE_IDENTIFIER = com.51talkdeveloper.ChaosMac;
				PRODUCT_NAME = "$(TARGET_NAME)";
				SDKROOT = macosx;
				SWIFT_OBJC_BRIDGING_HEADER = currentEngine/currentHeader.h;
			};
			name = Debug;
		};
		4E8603571D000EC70032ABAD /* Release */ = {
			isa = XCBuildConfiguration;
			buildSettings = {
				ASSETCATALOG_COMPILER_APPICON_NAME = AppIcon;
				CODE_SIGN_IDENTITY = "";
				COMBINE_HIDPI_IMAGES = YES;
				INFOPLIST_FILE = ChaosMac/Info.plist;
				LD_RUNPATH_SEARCH_PATHS = "$(inherited) @executable_path/../Frameworks";
				MACOSX_DEPLOYMENT_TARGET = 10.11;
				PRODUCT_BUNDLE_IDENTIFIER = com.51talkdeveloper.ChaosMac;
				PRODUCT_NAME = "$(TARGET_NAME)";
				SDKROOT = macosx;
				SWIFT_OBJC_BRIDGING_HEADER = currentEngine/currentHeader.h;
			};
			name = Release;
		};
/* End XCBuildConfiguration section */

/* Begin XCConfigurationList section */
		4E8603241D000E440032ABAD /* Build configuration list for PBXProject "Chaos" */ = {
			isa = XCConfigurationList;
			buildConfigurations = (
				4E86033D1D000E440032ABAD /* Debug */,
				4E86033E1D000E440032ABAD /* Release */,
			);
			defaultConfigurationIsVisible = 0;
			defaultConfigurationName = Release;
		};
		4E86033F1D000E440032ABAD /* Build configuration list for PBXNativeTarget "ChaosIOS" */ = {
			isa = XCConfigurationList;
			buildConfigurations = (
				4E8603401D000E440032ABAD /* Debug */,
				4E8603411D000E440032ABAD /* Release */,
			);
			defaultConfigurationIsVisible = 0;
			defaultConfigurationName = Release;
		};
		4E8603551D000EC70032ABAD /* Build configuration list for PBXNativeTarget "ChaosMac" */ = {
			isa = XCConfigurationList;
			buildConfigurations = (
				4E8603561D000EC70032ABAD /* Debug */,
				4E8603571D000EC70032ABAD /* Release */,
			);
			defaultConfigurationIsVisible = 0;
			defaultConfigurationName = Release;
		};
/* End XCConfigurationList section */
	};
	rootObject = 4E8603211D000E440032ABAD /* Project object */;
}
